[[package]]
category = "main"
description = "Python audio data toolkit (ID3 and MP3)"
name = "eyed3"
optional = false
python-versions = "*"
version = "0.8.7"

[package.dependencies]
pathlib = "*"
python-magic = "*"
six = "*"

[[package]]
category = "main"
description = "Infer file type and MIME type of any file/buffer. No external dependencies."
name = "filetype"
optional = false
python-versions = "*"
version = "1.0.1"

[[package]]
category = "main"
description = "Image Hashing library"
name = "imagehash"
optional = false
python-versions = "*"
version = "4.0"

[package.dependencies]
numpy = "*"
pillow = "*"
pywavelets = "*"
scipy = "*"
six = "*"

[[package]]
category = "main"
description = "read and write audio tags for many formats"
name = "mutagen"
optional = false
python-versions = "*"
version = "1.41.1"

[[package]]
category = "main"
description = "NumPy: array processing for numbers, strings, records, and objects."
name = "numpy"
optional = false
python-versions = ">=2.7,!=3.0.*,!=3.1.*,!=3.2.*,!=3.3.*"
version = "1.15.4"

[[package]]
category = "main"
description = "Object-oriented filesystem paths"
name = "pathlib"
optional = false
python-versions = "*"
version = "1.0.1"

[[package]]
category = "main"
description = "To simplify exif manipulations with python. Writing, reading, and more..."
name = "piexif"
optional = false
python-versions = "*"
version = "1.1.1"

[[package]]
category = "main"
description = "Python Imaging Library (Fork)"
name = "pillow"
optional = false
python-versions = ">=2.7, !=3.0.*, !=3.1.*, !=3.2.*, !=3.3.*"
version = "5.3.0"

[[package]]
category = "main"
description = "File type identification using libmagic"
name = "python-magic"
optional = false
python-versions = "*"
version = "0.4.15"

[[package]]
category = "main"
description = "PyWavelets, wavelet transform module"
name = "pywavelets"
optional = false
python-versions = "*"
version = "1.0.1"

[package.dependencies]
numpy = ">=1.9.1"

[[package]]
category = "main"
description = "YAML parser and emitter for Python"
name = "pyyaml"
optional = false
python-versions = "*"
version = "3.13"

[[package]]
category = "main"
description = "SciPy: Scientific Library for Python"
name = "scipy"
optional = false
python-versions = ">=2.7,!=3.0.*,!=3.1.*,!=3.2.*,!=3.3.*"
version = "1.1.0"

[package.dependencies]
numpy = ">=1.8.2"

[[package]]
category = "main"
description = "Python 2 and 3 compatibility utilities"
name = "six"
optional = false
python-versions = "*"
version = "1.11.0"

[metadata]
content-hash = "d2948ffd69039ed1f91a030ba46499e5688a3d319511529f1d609ceff00041cc"
python-versions = ">=3.5"

[metadata.hashes]
eyed3 = ["1eb93a51b9735dcb10403bb96679396ce6236f969b6c441ac3a73aa82db8900a", "5b1c4548997a61f587df46e5896eabc77287d2fc655afe19d1b83f46284120ea", "ef924eb2e8fffd7c7e3bd4c94dafad4a3b9047fe2dcb76d5dd7d9c37a1f1f8bb"]
filetype = ["97b4ec0974b07cbddb3e74cf323d8688749807014055cc91cdbfef5442a94dc5", "ef06220f3563ca6452c53470f0e624858c33c6344969cc3146e8d1b1c5989114"]
imagehash = ["7aedf61dc17e7da2986a61d06ded48e10cd4530d5ed876471608b85c9b48a4f0", "d6c1e4887f622f97833d78f68b4f7fff46e26802c331a6868ff0198edccec902", "d7d95534e32e7b9c949029cf9f8383f50fbc3f2246d030da9cd277a8a99d23a3", "f50b2427fc54b87ac7e73d7ba9e7a876a77384645563f225eed1d82e628d07fa"]
mutagen = ["2ea9c900a05fa7f5f4c5bd9fc1475d7d576532e13b2f79b694452b997ff67200"]
numpy = ["0df89ca13c25eaa1621a3f09af4c8ba20da849692dcae184cb55e80952c453fb", "154c35f195fd3e1fad2569930ca51907057ae35e03938f89a8aedae91dd1b7c7", "18e84323cdb8de3325e741a7a8dd4a82db74fde363dce32b625324c7b32aa6d7", "1e8956c37fc138d65ded2d96ab3949bd49038cc6e8a4494b1515b0ba88c91565", "23557bdbca3ccbde3abaa12a6e82299bc92d2b9139011f8c16ca1bb8c75d1e95", "24fd645a5e5d224aa6e39d93e4a722fafa9160154f296fd5ef9580191c755053", "36e36b6868e4440760d4b9b44587ea1dc1f06532858d10abba98e851e154ca70", "3d734559db35aa3697dadcea492a423118c5c55d176da2f3be9c98d4803fc2a7", "416a2070acf3a2b5d586f9a6507bb97e33574df5bd7508ea970bbf4fc563fa52", "4a22dc3f5221a644dfe4a63bf990052cc674ef12a157b1056969079985c92816", "4d8d3e5aa6087490912c14a3c10fbdd380b40b421c13920ff468163bc50e016f", "4f41fd159fba1245e1958a99d349df49c616b133636e0cf668f169bce2aeac2d", "561ef098c50f91fbac2cc9305b68c915e9eb915a74d9038ecf8af274d748f76f", "56994e14b386b5c0a9b875a76d22d707b315fa037affc7819cda08b6d0489756", "73a1f2a529604c50c262179fcca59c87a05ff4614fe8a15c186934d84d09d9a5", "7da99445fd890206bfcc7419f79871ba8e73d9d9e6b82fe09980bc5bb4efc35f", "99d59e0bcadac4aa3280616591fb7bcd560e2218f5e31d5223a2e12a1425d495", "a4cc09489843c70b22e8373ca3dfa52b3fab778b57cf81462f1203b0852e95e3", "a61dc29cfca9831a03442a21d4b5fd77e3067beca4b5f81f1a89a04a71cf93fa", "b1853df739b32fa913cc59ad9137caa9cc3d97ff871e2bbd89c2a2a1d4a69451", "b1f44c335532c0581b77491b7715a871d0dd72e97487ac0f57337ccf3ab3469b", "b261e0cb0d6faa8fd6863af26d30351fd2ffdb15b82e51e81e96b9e9e2e7ba16", "c857ae5dba375ea26a6228f98c195fec0898a0fd91bcf0e8a0cae6d9faf3eca7", "cf5bb4a7d53a71bb6a0144d31df784a973b36d8687d615ef6a7e9b1809917a9b", "db9814ff0457b46f2e1d494c1efa4111ca089e08c8b983635ebffb9c1573361f", "df04f4bad8a359daa2ff74f8108ea051670cafbca533bb2636c58b16e962989e", "ecf81720934a0e18526177e645cbd6a8a21bb0ddc887ff9738de07a1df5c6b61", "edfa6fba9157e0e3be0f40168eb142511012683ac3dc82420bee4a3f3981b30e"]
pathlib = ["6940718dfc3eff4258203ad5021090933e5c04707d5ca8cc9e73c94a7894ea9f"]
piexif = ["c53b7209e26b1cf9312704befe1b02f5b2002b92d9dd1d9a125bc00c50971e8d", "c996bcd600afaf126ee142e058a8d62059046a217105a9a270ac48457bcc5544"]
pillow = ["00203f406818c3f45d47bb8fe7e67d3feddb8dcbbd45a289a1de7dd789226360", "0616f800f348664e694dddb0b0c88d26761dd5e9f34e1ed7b7a7d2da14b40cb7", "091136f2a37e9ed6bd8ce96fbf5269199ba6edee490d64de7ac934316f31ecca", "0d67ae9a5937b1348fa1d97c7dcb6b56aaef828ca6655298e96f2f3114ad829d", "0e1aaddd00ee9014fe7a61b9da61427233fcd7c7f193b5efd6689e0ec36bc42f", "1f7908aab90c92ad85af9d2fec5fc79456a89b3adcc26314d2cde0e238bd789e", "2ea3517cd5779843de8a759c2349a3cd8d3893e03ab47053b66d5ec6f8bc4f93", "39b662f65a067709a62943003c1e807d140e7fcf631fcfc66ebe905f8149b9f4", "3ddc19447cf42ef3ec564ab7ebbd4f67838ba9816d739befe29dd70149c775bd", "48a9f0538c91fc136b3a576bee0e7cd174773dc9920b310c21dcb5519722e82c", "5280ebc42641a1283b7b1f2c20e5b936692198b9dd9995527c18b794850be1a8", "576a8a7a57065dab968d9d18befa2594a7673dcdab78c9b1f34248410cc6118f", "5e334a23c8f7cb6079987a2ed9978821a42b4323a3a3bdbc132945348737f9a9", "5e34e4b5764af65551647f5cc67cf5198c1d05621781d5173b342e5e55bf023b", "63b120421ab85cad909792583f83b6ca3584610c2fe70751e23f606a3c2e87f0", "696b5e0109fe368d0057f484e2e91717b49a03f1e310f857f133a4acec9f91dd", "6cb528de694f503ea164541c151da6c18267727a7558e0c9716cc0383d89658a", "7306d851d5a0cfac9ea07f1177783836f4b37292e5f224a534a52111cb6a6451", "7e3e32346d991f1788026917d0a9c182d6d32dc757163eee7ca990f1f831499e", "870ed021a42b1b02b5fe4a739ea735f671a84128c0a666c705db2cb9abd528eb", "916da1c19e4012d06a372127d7140dae894806fad67ef44330e5600d77833581", "9303a289fa0811e1c6abd9ddebfc770556d7c3311cb2b32eff72164ddc49bc64", "9577888ecc0ad7d06c3746afaba339c94d62b59da16f7a5d1cff9e491f23dace", "987e1c94a33c93d9b209315bfda9faa54b8edfce6438a1e93ae866ba20de5956", "99a3bbdbb844f4fb5d6dd59fac836a40749781c1fa63c563bc216c27aef63f60", "99db8dc3097ceafbcff9cb2bff384b974795edeb11d167d391a02c7bfeeb6e16", "a379526415f54f9462bc65a4da76fb0acc05e3b2a21717dde79621cf4377e0e6", "a5a96cf49eb580756a44ecf12949e52f211e20bffbf5a95760ac14b1e499cd37", "a844b5d8120f99fb7cd276ff544ac5bd562b0c053760d59694e6bf747c6ca7f5", "a9284368e81a67a7f47d5ef1ef7e4f11a4f688485879f44cf5f9090bba1f9d94", "aa6ca3eb56704cdc0d876fc6047ffd5ee960caad52452fbee0f99908a141a0ae", "aade5e66795c94e4a2b2624affeea8979648d1b0ae3fcee17e74e2c647fc4a8a", "b78905860336c1d292409e3df6ad39cc1f1c7f0964e66844bbc2ebfca434d073", "b92f521cdc4e4a3041cc343625b699f20b0b5f976793fb45681aac1efda565f8", "bb2baf44e97811687893873eab8cf9f18b40321cc15d15ff9f91dc031e30631f", "bfde84bbd6ae5f782206d454b67b7ee8f7f818c29b99fd02bf022fd33bab14cb", "c2b62d3df80e694c0e4a0ed47754c9480521e25642251b3ab1dff050a4e60409", "c55d348c1c65896c1bd804527de4880d251ae832acf90d74ad525bb79e77d55c", "c5e2be6c263b64f6f7656e23e18a4a9980cffc671442795682e8c4e4f815dd9f", "c99aa3c63104e0818ec566f8ff3942fb7c7a8f35f9912cb63fd8e12318b214b2", "dae06620d3978da346375ebf88b9e2dd7d151335ba668c995aea9ed07af7add4", "db5499d0710823fa4fb88206050d46544e8f0e0136a9a5f5570b026584c8fd74", "dcd3cd17d291e01e47636101c4a6638ffb44c842d009973e3b5c1b67ff718c58", "f12df6b45abc18f27f6e21ce26f7cbf7aa19820911462e46536e22085658ca1e", "f36baafd82119c4a114b9518202f2a983819101dcc14b26e43fc12cbefdce00e", "f52b79c8796d81391ab295b04e520bda6feed54d54931708872e8f9ae9db0ea1", "fa2a50f762d06d84125db0b95d0121e9c640afa7edc23fc0848896760a390f8e", "fa49bb60792b542b95ca93a39041e7113843093ce3cfd216870118eb3798fcc9", "ff8cff01582fa1a7e533cb97f628531c4014af4b5f38e33cdcfe5eec29b6d888", "ffbccfe1c077b5f41738bd719518213c217be7a7a12a7e74113d05a0d6617390"]
python-magic = ["f2674dcfad52ae6c49d4803fa027809540b130db1dec928cfbb9240316831375", "f3765c0f582d2dfc72c15f3b5a82aecfae9498bd29ca840d72f37d7bd38bfcd5"]
pywavelets = ["01683797c855d10d9ee78f46272b99b02f70a474e35baa54d150a385be9a9253", "1096feae3ad08fa844978cbd1d8476cab34b5364b7f087f5878cd5b451001574", "1732bd3638fae0693b7e30db63034f4f4ef36dc3018daf1da7ff024f060fc6e9", "1a07231da072e3085b0c59cff6a2aa0ed3b17983f16d2b561764f5fa7207c8ac", "25a98babb7907b4e6a5b508e519cd3179e6dc17c3840fb1b6306e82fdd4bcd3e", "31417d6e5454881514974d40f7df40cc8588a3818b778137f2d51fd06f0ab7d9", "351995c681d2a1ec556996bb645b8acdb0d2e4b80fb3617c1104a8d3cb048dfe", "3c5cece36d4e17d395be6e9ac6b80ce7b774a1f71c251756c6163e63b6d878dc", "4d739ee8d8b51098927709aac46ead2e965e397b6a5ac50047bd65a3d1a79ba6", "4e4f993d2e3bc9c5eb6db8b3c70c94143831f32f56a9dd19bd35d85066bc5a37", "64fd7615023e8cc043f084a61a562059ec0e14eb843a03662e9dbfb66deaae92", "72b042ef5a21c0617eb8ba2ef524f107f3e5def3507105aad3d986c7b4544716", "8b7be53059ac21a3b27d5e35be272c2b092b6348b336ad9c9c57f70697ab17a1", "95a0a0ae8c4024a3c0658e496fd52a2baeefad2e521a4de132b668d2001e5a24", "ae741e1919c08d1445362d2af4fb02ef3c611f2e3349ca0ba2a22fab494b86cc", "b4428012419ada0c691240a388798a6c839477c5a968751ebfec663c0b4fe801", "bc2f7ac5a3febf98e471dad4bc07e96a89bf954660d7d993d1d9486b0ce60aaa", "c00e1b7903afa608b6eadf44da8d4d05ffeab99769965aed9e8fad85cd28e16c", "c1473db14003eb544b08d94f3ac7bcebe8c839dc2d3dcdaf0db8c3a17b551674", "d23f3fab4e3c81706517d99e1d3e0dcbce24009cf540a223b5d29baa7b781f4f", "d27656cc329bf1b7ed64402de892bbee1d10b6cf0210a2d61d2f8a1c809e52a4", "d7b0551df47ed6d2e7438d7c96339f2a8749e4687407a5bf0bb5a6eeb8ba8ffa", "ee1e04e48f2160467c59fbf561eca8285d79573d2f98547c059bd05bcfd34321", "f1d76e5c679f3668f6fcb4f6cfb31863ebcf86c742a64435264dc5d3a41f7ce0", "f1eefc1220d754bd572fb409de844b9d2d5506c5dee5a72063343270146a8246", "f7685816885e217acf90965dd55863152b0865d3b15cf7f2286b39aaf4bc4913"]
pyyaml = ["3d7da3009c0f3e783b2c873687652d83b1bbfd5c88e9813fb7e5b03c0dd3108b", "3ef3092145e9b70e3ddd2c7ad59bdd0252a94dfe3949721633e41344de00a6bf", "40c71b8e076d0550b2e6380bada1f1cd1017b882f7e16f09a65be98e017f211a", "558dd60b890ba8fd982e05941927a3911dc409a63dcb8b634feaa0cda69330d3", "a7c28b45d9f99102fa092bb213aa12e0aaf9a6a1f5e395d36166639c1f96c3a1", "aa7dd4a6a427aed7df6fb7f08a580d68d9b118d90310374716ae90b710280af1", "bc558586e6045763782014934bfaf39d48b8ae85a2713117d16c39864085c613", "d46d7982b62e0729ad0175a9bc7e10a566fc07b224d2c79fafb5e032727eaa04", "d5eef459e30b09f5a098b9cea68bebfeb268697f78d647bd255a085371ac7f3f", "e01d3203230e1786cd91ccfdc8f8454c8069c91bee3962ad93b87a4b2860f537", "e170a9e6fcfd19021dd29845af83bb79236068bf5fd4df3327c1be18182b2531"]
scipy = ["0611ee97296265af4a21164a5323f8c1b4e8e15c582d3dfa7610825900136bb7", "08237eda23fd8e4e54838258b124f1cd141379a5f281b0a234ca99b38918c07a", "0e645dbfc03f279e1946cf07c9c754c2a1859cb4a41c5f70b25f6b3a586b6dbd", "0e9bb7efe5f051ea7212555b290e784b82f21ffd0f655405ac4f87e288b730b3", "108c16640849e5827e7d51023efb3bd79244098c3f21e4897a1007720cb7ce37", "340ef70f5b0f4e2b4b43c8c8061165911bc6b2ad16f8de85d9774545e2c47463", "3ad73dfc6f82e494195144bd3a129c7241e761179b7cb5c07b9a0ede99c686f3", "3b243c77a822cd034dad53058d7c2abf80062aa6f4a32e9799c95d6391558631", "404a00314e85eca9d46b80929571b938e97a143b4f2ddc2b2b3c91a4c4ead9c5", "423b3ff76957d29d1cce1bc0d62ebaf9a3fdfaf62344e3fdec14619bb7b5ad3a", "42d9149a2fff7affdd352d157fa5717033767857c11bd55aa4a519a44343dfef", "625f25a6b7d795e8830cb70439453c9f163e6870e710ec99eba5722775b318f3", "698c6409da58686f2df3d6f815491fd5b4c2de6817a45379517c92366eea208f", "729f8f8363d32cebcb946de278324ab43d28096f36593be6281ca1ee86ce6559", "8190770146a4c8ed5d330d5b5ad1c76251c63349d25c96b3094875b930c44692", "878352408424dffaa695ffedf2f9f92844e116686923ed9aa8626fc30d32cfd1", "8b984f0821577d889f3c7ca8445564175fb4ac7c7f9659b7c60bef95b2b70e76", "8f841bbc21d3dad2111a94c490fb0a591b8612ffea86b8e5571746ae76a3deac", "c22b27371b3866c92796e5d7907e914f0e58a36d3222c5d436ddd3f0e354227a", "d0cdd5658b49a722783b8b4f61a6f1f9c75042d0e29a30ccb6cacc9b25f6d9e2", "d40dc7f494b06dcee0d303e51a00451b2da6119acbeaccf8369f2d29e28917ac", "d8491d4784aceb1f100ddb8e31239c54e4afab8d607928a9f7ef2469ec35ae01", "dfc5080c38dde3f43d8fbb9c0539a7839683475226cf83e4b24363b227dfe552", "e24e22c8d98d3c704bb3410bce9b69e122a8de487ad3dbfe9985d154e5c03a40", "e7a01e53163818d56eabddcafdc2090e9daba178aad05516b20c6591c4811020", "ee677635393414930541a096fc8e61634304bb0153e4e02b75685b11eba14cae", "f0521af1b722265d824d6ad055acfe9bd3341765735c44b5a4d0069e189a0f40", "f25c281f12c0da726c6ed00535ca5d1622ec755c30a3f8eafef26cf43fede694"]
six = ["70e8a77beed4562e7f14fe23a786b54f6296e34344c23bc42f07b15018ff98e9", "832dc0e10feb1aa2c68dcc57dbb658f1c7e65b9b61af69048abc87a2db00a0eb"]
